
Microsoft Visual Studio Solution File, Format Version 12.00
# Visual Studio Version 17
VisualStudioVersion = 17.14.36429.23 d17.14
MinimumVisualStudioVersion = 10.0.40219.1
Project("{FAE04EC0-301F-11D3-BF4B-00C04F79EFBC}") = "HomiServerAPI", "HomiServerAPI.csproj", "{ADAFD63C-E4D4-4BD5-8B81-01F3FC399BF8}"
EndProject
Global
	GlobalSection(SolutionConfigurationPlatforms) = preSolution
		Debug|Any CPU = Debug|Any CPU
		Release|Any CPU = Release|Any CPU
	EndGlobalSection
	GlobalSection(ProjectConfigurationPlatforms) = postSolution
		{ADAFD63C-E4D4-4BD5-8B81-01F3FC399BF8}.Debug|Any CPU.ActiveCfg = Debug|Any CPU
		{ADAFD63C-E4D4-4BD5-8B81-01F3FC399BF8}.Debug|Any CPU.Build.0 = Debug|Any CPU
		{ADAFD63C-E4D4-4BD5-8B81-01F3FC399BF8}.Release|Any CPU.ActiveCfg = Release|Any CPU
		{ADAFD63C-E4D4-4BD5-8B81-01F3FC399BF8}.Release|Any CPU.Build.0 = Release|Any CPU
	EndGlobalSection
	GlobalSection(SolutionProperties) = preSolution
		HideSolutionNode = FALSE
	EndGlobalSection
	GlobalSection(ExtensibilityGlobals) = postSolution
		SolutionGuid = {F536E2F1-D7CA-4FA4-B242-FCD1C486D3CB}
	EndGlobalSection
EndGlobal
